
Microsoft Visual Studio Solution File, Format Version 12.00
# Visual Studio Version 16
VisualStudioVersion = 16.0.31105.61
MinimumVisualStudioVersion = 10.0.40219.1
Project("{FAE04EC0-301F-11D3-BF4B-00C04F79EFBC}") = "calculator", "calculator\calculator.csproj", "{DB595F3E-4EA6-48E5-AE9C-72FDDDD96FFC}"
EndProject
Global
	GlobalSection(SolutionConfigurationPlatforms) = preSolution
		Debug|Any CPU = Debug|Any CPU
		Release|Any CPU = Release|Any CPU
	EndGlobalSection
	GlobalSection(ProjectConfigurationPlatforms) = postSolution
		{DB595F3E-4EA6-48E5-AE9C-72FDDDD96FFC}.Debug|Any CPU.ActiveCfg = Debug|Any CPU
		{DB595F3E-4EA6-48E5-AE9C-72FDDDD96FFC}.Debug|Any CPU.Build.0 = Debug|Any CPU
		{DB595F3E-4EA6-48E5-AE9C-72FDDDD96FFC}.Release|Any CPU.ActiveCfg = Release|Any CPU
		{DB595F3E-4EA6-48E5-AE9C-72FDDDD96FFC}.Release|Any CPU.Build.0 = Release|Any CPU
	EndGlobalSection
	GlobalSection(SolutionProperties) = preSolution
		HideSolutionNode = FALSE
	EndGlobalSection
	GlobalSection(ExtensibilityGlobals) = postSolution
		SolutionGuid = {D3468018-388A-47B3-8218-B23B4727213C}
	EndGlobalSection
EndGlobal
